// !$*UTF8*$!
{
	archiveVersion = 1;
	classes = {
	};
	objectVersion = 77;
	objects = {

/* Begin PBXBuildFile section */
		D51727F52F156E710088A669 /* Launch Screen.storyboard in Resources */ = {isa = PBXBuildFile; fileRef = D51727F42F156E710088A669 /* Launch Screen.storyboard */; };
		D56B14B32E3B9DA800D5826E /* Localizable.xcstrings in Resources */ = {isa = PBXBuildFile; fileRef = D56B14B22E3B9DA800D5826E /* Localizable.xcstrings */; };
/* End PBXBuildFile section */

/* Begin PBXContainerItemProxy section */
		D55873722E25A8EA007A45F1 /* PBXContainerItemProxy */ = {
			isa = PBXContainerItemProxy;
			containerPortal = D558735C2E25A8E8007A45F1 /* Project object */;
			proxyType = 1;
			remoteGlobalIDString = D55873632E25A8E8007A45F1;
			remoteInfo = Denklem;
		};
		D558737C2E25A8EA007A45F1 /* PBXContainerItemProxy */ = {
			isa = PBXContainerItemProxy;
			containerPortal = D558735C2E25A8E8007A45F1 /* Project object */;
			proxyType = 1;
			remoteGlobalIDString = D55873632E25A8E8007A45F1;
			remoteInfo = Denklem;
		};
/* End PBXContainerItemProxy section */

/* Begin PBXFileReference section */
		D51727F42F156E710088A669 /* Launch Screen.storyboard */ = {isa = PBXFileReference; lastKnownFileType = file.storyboard; path = "Launch Screen.storyboard"; sourceTree = "<group>"; };
		D55873642E25A8E8007A45F1 /* Denklem.app */ = {isa = PBXFileReference; explicitFileType = wrapper.application; includeInIndex = 0; path = Denklem.app; sourceTree = BUILT_PRODUCTS_DIR; };
		D55873712E25A8EA007A45F1 /* DenklemTests.xctest */ = {isa = PBXFileReference; explicitFileType = wrapper.cfbundle; includeInIndex = 0; path = DenklemTests.xctest; sourceTree = BUILT_PRODUCTS_DIR; };
		D558737B2E25A8EA007A45F1 /* DenklemUITests.xctest */ = {isa = PBXFileReference; explicitFileType = wrapper.cfbundle; includeInIndex = 0; path = DenklemUITests.xctest; sourceTree = BUILT_PRODUCTS_DIR; };
		D56B14B22E3B9DA800D5826E /* Localizable.xcstrings */ = {isa = PBXFileReference; lastKnownFileType = text.json.xcstrings; path = Localizable.xcstrings; sourceTree = "<group>"; };
/* End PBXFileReference section */

/* Begin PBXFileSystemSynchronizedBuildFileExceptionSet section */
		D51727F72F1582930088A669 /* Exceptions for "Denklem" folder in "Denklem" target */ = {
			isa = PBXFileSystemSynchronizedBuildFileExceptionSet;
			membershipExceptions = (
				Info.plist,
			);
			target = D55873632E25A8E8007A45F1 /* Denklem */;
		};
/* End PBXFileSystemSynchronizedBuildFileExceptionSet section */

/* Begin PBXFileSystemSynchronizedRootGroup section */
		D55873662E25A8E8007A45F1 /* Denklem */ = {
			isa = PBXFileSystemSynchronizedRootGroup;
			exceptions = (
				D51727F72F1582930088A669 /* Exceptions for "Denklem" folder in "Denklem" target */,
			);
			path = Denklem;
			sourceTree = "<group>";
		};
		D55873742E25A8EA007A45F1 /* DenklemTests */ = {
			isa = PBXFileSystemSynchronizedRootGroup;
			path = DenklemTests;
			sourceTree = "<group>";
		};
		D558737E2E25A8EA007A45F1 /* DenklemUITests */ = {
			isa = PBXFileSystemSynchronizedRootGroup;
			path = DenklemUITests;
			sourceTree = "<group>";
		};
/* End PBXFileSystemSynchronizedRootGroup section */

/* Begin PBXFrameworksBuildPhase section */
		D55873612E25A8E8007A45F1 /* Frameworks */ = {
			isa = PBXFrameworksBuildPhase;
			buildActionMask = 2147483647;
			files = (
			);
			runOnlyForDeploymentPostprocessing = 0;
		};
		D558736E2E25A8EA007A45F1 /* Frameworks */ = {
			isa = PBXFrameworksBuildPhase;
			buildActionMask = 2147483647;
			files = (
			);
			runOnlyForDeploymentPostprocessing = 0;
		};
		D55873782E25A8EA007A45F1 /* Frameworks */ = {
			isa = PBXFrameworksBuildPhase;
			buildActionMask = 2147483647;
			files = (
			);
			runOnlyForDeploymentPostprocessing = 0;
		};
/* End PBXFrameworksBuildPhase section */

/* Begin PBXGroup section */
		D558735B2E25A8E8007A45F1 = {
			isa = PBXGroup;
			children = (
				D51727F42F156E710088A669 /* Launch Screen.storyboard */,
				D56B14B22E3B9DA800D5826E /* Localizable.xcstrings */,
				D55873662E25A8E8007A45F1 /* Denklem */,
				D55873742E25A8EA007A45F1 /* DenklemTests */,
				D558737E2E25A8EA007A45F1 /* DenklemUITests */,
				D55873652E25A8E8007A45F1 /* Products */,
			);
			sourceTree = "<group>";
		};
		D55873652E25A8E8007A45F1 /* Products */ = {
			isa = PBXGroup;
			children = (
				D55873642E25A8E8007A45F1 /* Denklem.app */,
				D55873712E25A8EA007A45F1 /* DenklemTests.xctest */,
				D558737B2E25A8EA007A45F1 /* DenklemUITests.xctest */,
			);
			name = Products;
			sourceTree = "<group>";
		};
/* End PBXGroup section */

/* Begin PBXNativeTarget section */
		D55873632E25A8E8007A45F1 /* Denklem */ = {
			isa = PBXNativeTarget;
			buildConfigurationList = D55873852E25A8EA007A45F1 /* Build configuration list for PBXNativeTarget "Denklem" */;
			buildPhases = (
				D55873602E25A8E8007A45F1 /* Sources */,
				D55873612E25A8E8007A45F1 /* Frameworks */,
				D55873622E25A8E8007A45F1 /* Resources */,
			);
			buildRules = (
			);
			dependencies = (
			);
			fileSystemSynchronizedGroups = (
				D55873662E25A8E8007A45F1 /* Denklem */,
			);
			name = Denklem;
			packageProductDependencies = (
			);
			productName = Denklem;
			productReference = D55873642E25A8E8007A45F1 /* Denklem.app */;
			productType = "com.apple.product-type.application";
		};
		D55873702E25A8EA007A45F1 /* DenklemTests */ = {
			isa = PBXNativeTarget;
			buildConfigurationList = D55873882E25A8EA007A45F1 /* Build configuration list for PBXNativeTarget "DenklemTests" */;
			buildPhases = (
				D558736D2E25A8EA007A45F1 /* Sources */,
				D558736E2E25A8EA007A45F1 /* Frameworks */,
				D558736F2E25A8EA007A45F1 /* Resources */,
			);
			buildRules = (
			);
			dependencies = (
				D55873732E25A8EA007A45F1 /* PBXTargetDependency */,
			);
			fileSystemSynchronizedGroups = (
				D55873742E25A8EA007A45F1 /* DenklemTests */,
			);
			name = DenklemTests;
			packageProductDependencies = (
			);
			productName = DenklemTests;
			productReference = D55873712E25A8EA007A45F1 /* DenklemTests.xctest */;
			productType = "com.apple.product-type.bundle.unit-test";
		};
		D558737A2E25A8EA007A45F1 /* DenklemUITests */ = {
			isa = PBXNativeTarget;
			buildConfigurationList = D558738B2E25A8EA007A45F1 /* Build configuration list for PBXNativeTarget "DenklemUITests" */;
			buildPhases = (
				D55873772E25A8EA007A45F1 /* Sources */,
				D55873782E25A8EA007A45F1 /* Frameworks */,
				D55873792E25A8EA007A45F1 /* Resources */,
			);
			buildRules = (
			);
			dependencies = (
				D558737D2E25A8EA007A45F1 /* PBXTargetDependency */,
			);
			fileSystemSynchronizedGroups = (
				D558737E2E25A8EA007A45F1 /* DenklemUITests */,
			);
			name = DenklemUITests;
			packageProductDependencies = (
			);
			productName = DenklemUITests;
			productReference = D558737B2E25A8EA007A45F1 /* DenklemUITests.xctest */;
			productType = "com.apple.product-type.bundle.ui-testing";
		};
/* End PBXNativeTarget section */

/* Begin PBXProject section */
		D558735C2E25A8E8007A45F1 /* Project object */ = {
			isa = PBXProject;
			attributes = {
				BuildIndependentTargetsInParallel = 1;
				LastSwiftUpdateCheck = 1640;
				LastUpgradeCheck = 2600;
				TargetAttributes = {
					D55873632E25A8E8007A45F1 = {
						CreatedOnToolsVersion = 16.4;
					};
					D55873702E25A8EA007A45F1 = {
						CreatedOnToolsVersion = 16.4;
						TestTargetID = D55873632E25A8E8007A45F1;
					};
					D558737A2E25A8EA007A45F1 = {
						CreatedOnToolsVersion = 16.4;
						TestTargetID = D55873632E25A8E8007A45F1;
					};
				};
			};
			buildConfigurationList = D558735F2E25A8E8007A45F1 /* Build configuration list for PBXProject "Denklem" */;
			developmentRegion = en;
			hasScannedForEncodings = 0;
			knownRegions = (
				en,
				Base,
				tr,
			);
			mainGroup = D558735B2E25A8E8007A45F1;
			minimizedProjectReferenceProxies = 1;
			preferredProjectObjectVersion = 77;
			productRefGroup = D55873652E25A8E8007A45F1 /* Products */;
			projectDirPath = "";
			projectRoot = "";
			targets = (
				D55873632E25A8E8007A45F1 /* Denklem */,
				D55873702E25A8EA007A45F1 /* DenklemTests */,
				D558737A2E25A8EA007A45F1 /* DenklemUITests */,
			);
		};
/* End PBXProject section */

/* Begin PBXResourcesBuildPhase section */
		D55873622E25A8E8007A45F1 /* Resources */ = {
			isa = PBXResourcesBuildPhase;
			buildActionMask = 2147483647;
			files = (
				D51727F52F156E710088A669 /* Launch Screen.storyboard in Resources */,
				D56B14B32E3B9DA800D5826E /* Localizable.xcstrings in Resources */,
			);
			runOnlyForDeploymentPostprocessing = 0;
		};
		D558736F2E25A8EA007A45F1 /* Resources */ = {
			isa = PBXResourcesBuildPhase;
			buildActionMask = 2147483647;
			files = (
			);
			runOnlyForDeploymentPostprocessing = 0;
		};
		D55873792E25A8EA007A45F1 /* Resources */ = {
			isa = PBXResourcesBuildPhase;
			buildActionMask = 2147483647;
			files = (
			);
			runOnlyForDeploymentPostprocessing = 0;
		};
/* End PBXResourcesBuildPhase section */

/* Begin PBXSourcesBuildPhase section */
		D55873602E25A8E8007A45F1 /* Sources */ = {
			isa = PBXSourcesBuildPhase;
			buildActionMask = 2147483647;
			files = (
			);
			runOnlyForDeploymentPostprocessing = 0;
		};
		D558736D2E25A8EA007A45F1 /* Sources */ = {
			isa = PBXSourcesBuildPhase;
			buildActionMask = 2147483647;
			files = (
			);
			runOnlyForDeploymentPostprocessing = 0;
		};
		D55873772E25A8EA007A45F1 /* Sources */ = {
			isa = PBXSourcesBuildPhase;
			buildActionMask = 2147483647;
			files = (
			);
			runOnlyForDeploymentPostprocessing = 0;
		};
/* End PBXSourcesBuildPhase section */

/* Begin PBXTargetDependency section */
		D55873732E25A8EA007A45F1 /* PBXTargetDependency */ = {
			isa = PBXTargetDependency;
			target = D55873632E25A8E8007A45F1 /* Denklem */;
			targetProxy = D55873722E25A8EA007A45F1 /* PBXContainerItemProxy */;
		};
		D558737D2E25A8EA007A45F1 /* PBXTargetDependency */ = {
			isa = PBXTargetDependency;
			target = D55873632E25A8E8007A45F1 /* Denklem */;
			targetProxy = D558737C2E25A8EA007A45F1 /* PBXContainerItemProxy */;
		};
/* End PBXTargetDependency section */

/* Begin XCBuildConfiguration section */
		D55873832E25A8EA007A45F1 /* Debug */ = {
			isa = XCBuildConfiguration;
			buildSettings = {
				ALWAYS_SEARCH_USER_PATHS = NO;
				ASSETCATALOG_COMPILER_GENERATE_SWIFT_ASSET_SYMBOL_EXTENSIONS = YES;
				CLANG_ANALYZER_LOCALIZABILITY_NONLOCALIZED = YES;
				CLANG_ANALYZER_NONNULL = YES;
				CLANG_ANALYZER_NUMBER_OBJECT_CONVERSION = YES_AGGRESSIVE;
				CLANG_CXX_LANGUAGE_STANDARD = "gnu++20";
				CLANG_ENABLE_MODULES = YES;
				CLANG_ENABLE_OBJC_ARC = YES;
				CLANG_ENABLE_OBJC_WEAK = YES;
				CLANG_WARN_BLOCK_CAPTURE_AUTORELEASING = YES;
				CLANG_WARN_BOOL_CONVERSION = YES;
				CLANG_WARN_COMMA = YES;
				CLANG_WARN_CONSTANT_CONVERSION = YES;
				CLANG_WARN_DEPRECATED_OBJC_IMPLEMENTATIONS = YES;
				CLANG_WARN_DIRECT_OBJC_ISA_USAGE = YES_ERROR;
				CLANG_WARN_DOCUMENTATION_COMMENTS = YES;
				CLANG_WARN_EMPTY_BODY = YES;
				CLANG_WARN_ENUM_CONVERSION = YES;
				CLANG_WARN_INFINITE_RECURSION = YES;
				CLANG_WARN_INT_CONVERSION = YES;
				CLANG_WARN_NON_LITERAL_NULL_CONVERSION = YES;
				CLANG_WARN_OBJC_IMPLICIT_RETAIN_SELF = YES;
				CLANG_WARN_OBJC_LITERAL_CONVERSION = YES;
				CLANG_WARN_OBJC_ROOT_CLASS = YES_ERROR;
				CLANG_WARN_QUOTED_INCLUDE_IN_FRAMEWORK_HEADER = YES;
				CLANG_WARN_RANGE_LOOP_ANALYSIS = YES;
				CLANG_WARN_STRICT_PROTOTYPES = YES;
				CLANG_WARN_SUSPICIOUS_MOVE = YES;
				CLANG_WARN_UNGUARDED_AVAILABILITY = YES_AGGRESSIVE;
				CLANG_WARN_UNREACHABLE_CODE = YES;
				CLANG_WARN__DUPLICATE_METHOD_MATCH = YES;
				COPY_PHASE_STRIP = NO;
				DEBUG_INFORMATION_FORMAT = dwarf;
				DEVELOPMENT_TEAM = NVS5GU2AHJ;
				ENABLE_STRICT_OBJC_MSGSEND = YES;
				ENABLE_TESTABILITY = YES;
				ENABLE_USER_SCRIPT_SANDBOXING = YES;
				GCC_C_LANGUAGE_STANDARD = gnu17;
				GCC_DYNAMIC_NO_PIC = NO;
				GCC_NO_COMMON_BLOCKS = YES;
				GCC_OPTIMIZATION_LEVEL = 0;
				GCC_PREPROCESSOR_DEFINITIONS = (
					"DEBUG=1",
					"$(inherited)",
				);
				GCC_WARN_64_TO_32_BIT_CONVERSION = YES;
				GCC_WARN_ABOUT_RETURN_TYPE = YES_ERROR;
				GCC_WARN_UNDECLARED_SELECTOR = YES;
				GCC_WARN_UNINITIALIZED_AUTOS = YES_AGGRESSIVE;
				GCC_WARN_UNUSED_FUNCTION = YES;
				GCC_WARN_UNUSED_VARIABLE = YES;
				GENERATE_INFOPLIST_FILE = YES;
				IPHONEOS_DEPLOYMENT_TARGET = 18.5;
				LOCALIZATION_PREFERS_STRING_CATALOGS = YES;
				MTL_ENABLE_DEBUG_INFO = INCLUDE_SOURCE;
				MTL_FAST_MATH = YES;
				ONLY_ACTIVE_ARCH = YES;
				SDKROOT = iphoneos;
				STRING_CATALOG_GENERATE_SYMBOLS = YES;
				SWIFT_ACTIVE_COMPILATION_CONDITIONS = "DEBUG $(inherited)";
				SWIFT_EMIT_LOC_STRINGS = YES;
				SWIFT_OPTIMIZATION_LEVEL = "-Onone";
			};
			name = Debug;
		};
		D55873842E25A8EA007A45F1 /* Release */ = {
			isa = XCBuildConfiguration;
			buildSettings = {
				ALWAYS_SEARCH_USER_PATHS = NO;
				ASSETCATALOG_COMPILER_GENERATE_SWIFT_ASSET_SYMBOL_EXTENSIONS = YES;
				CLANG_ANALYZER_LOCALIZABILITY_NONLOCALIZED = YES;
				CLANG_ANALYZER_NONNULL = YES;
				CLANG_ANALYZER_NUMBER_OBJECT_CONVERSION = YES_AGGRESSIVE;
				CLANG_CXX_LANGUAGE_STANDARD = "gnu++20";
				CLANG_ENABLE_MODULES = YES;
				CLANG_ENABLE_OBJC_ARC = YES;
				CLANG_ENABLE_OBJC_WEAK = YES;
				CLANG_WARN_BLOCK_CAPTURE_AUTORELEASING = YES;
				CLANG_WARN_BOOL_CONVERSION = YES;
				CLANG_WARN_COMMA = YES;
				CLANG_WARN_CONSTANT_CONVERSION = YES;
				CLANG_WARN_DEPRECATED_OBJC_IMPLEMENTATIONS = YES;
				CLANG_WARN_DIRECT_OBJC_ISA_USAGE = YES_ERROR;
				CLANG_WARN_DOCUMENTATION_COMMENTS = YES;
				CLANG_WARN_EMPTY_BODY = YES;
				CLANG_WARN_ENUM_CONVERSION = YES;
				CLANG_WARN_INFINITE_RECURSION = YES;
				CLANG_WARN_INT_CONVERSION = YES;
				CLANG_WARN_NON_LITERAL_NULL_CONVERSION = YES;
				CLANG_WARN_OBJC_IMPLICIT_RETAIN_SELF = YES;
				CLANG_WARN_OBJC_LITERAL_CONVERSION = YES;
				CLANG_WARN_OBJC_ROOT_CLASS = YES_ERROR;
				CLANG_WARN_QUOTED_INCLUDE_IN_FRAMEWORK_HEADER = YES;
				CLANG_WARN_RANGE_LOOP_ANALYSIS = YES;
				CLANG_WARN_STRICT_PROTOTYPES = YES;
				CLANG_WARN_SUSPICIOUS_MOVE = YES;
				CLANG_WARN_UNGUARDED_AVAILABILITY = YES_AGGRESSIVE;
				CLANG_WARN_UNREACHABLE_CODE = YES;
				CLANG_WARN__DUPLICATE_METHOD_MATCH = YES;
				COPY_PHASE_STRIP = NO;
				DEBUG_INFORMATION_FORMAT = "dwarf-with-dsym";
				DEVELOPMENT_TEAM = NVS5GU2AHJ;
				ENABLE_NS_ASSERTIONS = NO;
				ENABLE_STRICT_OBJC_MSGSEND = YES;
				ENABLE_USER_SCRIPT_SANDBOXING = YES;
				GCC_C_LANGUAGE_STANDARD = gnu17;
				GCC_NO_COMMON_BLOCKS = YES;
				GCC_WARN_64_TO_32_BIT_CONVERSION = YES;
				GCC_WARN_ABOUT_RETURN_TYPE = YES_ERROR;
				GCC_WARN_UNDECLARED_SELECTOR = YES;
				GCC_WARN_UNINITIALIZED_AUTOS = YES_AGGRESSIVE;
				GCC_WARN_UNUSED_FUNCTION = YES;
				GCC_WARN_UNUSED_VARIABLE = YES;
				GENERATE_INFOPLIST_FILE = YES;
				IPHONEOS_DEPLOYMENT_TARGET = 18.5;
				LOCALIZATION_PREFERS_STRING_CATALOGS = YES;
				MTL_ENABLE_DEBUG_INFO = NO;
				MTL_FAST_MATH = YES;
				SDKROOT = iphoneos;
				STRING_CATALOG_GENERATE_SYMBOLS = YES;
				SWIFT_COMPILATION_MODE = wholemodule;
				SWIFT_EMIT_LOC_STRINGS = YES;
				VALIDATE_PRODUCT = YES;
			};
			name = Release;
		};
		D55873862E25A8EA007A45F1 /* Debug */ = {
			isa = XCBuildConfiguration;
			buildSettings = {
				ASSETCATALOG_COMPILER_APPICON_NAME = AppIcon;
				ASSETCATALOG_COMPILER_GLOBAL_ACCENT_COLOR_NAME = AccentColor;
				CODE_SIGN_IDENTITY = "Apple Development";
				CODE_SIGN_STYLE = Automatic;
				CURRENT_PROJECT_VERSION = 9;
				DEVELOPMENT_TEAM = NVS5GU2AHJ;
				ENABLE_PREVIEWS = YES;
				GENERATE_INFOPLIST_FILE = YES;
				INFOPLIST_FILE = Denklem/Info.plist;
				INFOPLIST_KEY_CFBundleDisplayName = Denklem;
				INFOPLIST_KEY_LSApplicationCategoryType = "public.app-category.utilities";
				INFOPLIST_KEY_UIApplicationSceneManifest_Generation = YES;
				INFOPLIST_KEY_UIApplicationSupportsIndirectInputEvents = YES;
				INFOPLIST_KEY_UILaunchScreen_Generation = YES;
				INFOPLIST_KEY_UILaunchStoryboardName = LaunchScreen;
				INFOPLIST_KEY_UISupportedInterfaceOrientations = UIInterfaceOrientationPortrait;
				IPHONEOS_DEPLOYMENT_TARGET = 26.0;
				LD_RUNPATH_SEARCH_PATHS = (
					"$(inherited)",
					"@executable_path/Frameworks",
				);
				MARKETING_VERSION = 2.0.0;
				PRODUCT_BUNDLE_IDENTIFIER = com.ozco.denklem;
				PRODUCT_NAME = "$(TARGET_NAME)";
				PROVISIONING_PROFILE_SPECIFIER = "";
				SUPPORTED_PLATFORMS = "iphoneos iphonesimulator";
				SUPPORTS_MACCATALYST = NO;
				SUPPORTS_MAC_DESIGNED_FOR_IPHONE_IPAD = NO;
				SUPPORTS_XR_DESIGNED_FOR_IPHONE_IPAD = NO;
				SWIFT_EMIT_LOC_STRINGS = YES;
				SWIFT_VERSION = 5.0;
				TARGETED_DEVICE_FAMILY = 1;
			};
			name = Debug;
		};
		D55873872E25A8EA007A45F1 /* Release */ = {
			isa = XCBuildConfiguration;
			buildSettings = {
				ASSETCATALOG_COMPILER_APPICON_NAME = AppIcon;
				ASSETCATALOG_COMPILER_GLOBAL_ACCENT_COLOR_NAME = AccentColor;
				CODE_SIGN_IDENTITY = "Apple Development";
				CODE_SIGN_STYLE = Automatic;
				CURRENT_PROJECT_VERSION = 9;
				DEVELOPMENT_TEAM = NVS5GU2AHJ;
				ENABLE_PREVIEWS = YES;
				GENERATE_INFOPLIST_FILE = YES;
				INFOPLIST_FILE = Denklem/Info.plist;
				INFOPLIST_KEY_CFBundleDisplayName = Denklem;
				INFOPLIST_KEY_LSApplicationCategoryType = "public.app-category.utilities";
				INFOPLIST_KEY_UIApplicationSceneManifest_Generation = YES;
				INFOPLIST_KEY_UIApplicationSupportsIndirectInputEvents = YES;
				INFOPLIST_KEY_UILaunchScreen_Generation = YES;
				INFOPLIST_KEY_UILaunchStoryboardName = LaunchScreen;
				INFOPLIST_KEY_UISupportedInterfaceOrientations = UIInterfaceOrientationPortrait;
				IPHONEOS_DEPLOYMENT_TARGET = 26.0;
				LD_RUNPATH_SEARCH_PATHS = (
					"$(inherited)",
					"@executable_path/Frameworks",
				);
				MARKETING_VERSION = 2.0.0;
				PRODUCT_BUNDLE_IDENTIFIER = com.ozco.denklem;
				PRODUCT_NAME = "$(TARGET_NAME)";
				PROVISIONING_PROFILE_SPECIFIER = "";
				SUPPORTED_PLATFORMS = "iphoneos iphonesimulator";
				SUPPORTS_MACCATALYST = NO;
				SUPPORTS_MAC_DESIGNED_FOR_IPHONE_IPAD = NO;
				SUPPORTS_XR_DESIGNED_FOR_IPHONE_IPAD = NO;
				SWIFT_EMIT_LOC_STRINGS = YES;
				SWIFT_VERSION = 5.0;
				TARGETED_DEVICE_FAMILY = 1;
			};
			name = Release;
		};
		D55873892E25A8EA007A45F1 /* Debug */ = {
			isa = XCBuildConfiguration;
			buildSettings = {
				BUNDLE_LOADER = "$(TEST_HOST)";
				CODE_SIGN_STYLE = Automatic;
				CURRENT_PROJECT_VERSION = 1;
				DEVELOPMENT_TEAM = NVS5GU2AHJ;
				GENERATE_INFOPLIST_FILE = YES;
				IPHONEOS_DEPLOYMENT_TARGET = 18.5;
				MARKETING_VERSION = 2.0.0;
				PRODUCT_BUNDLE_IDENTIFIER = com.ozco.DenklemTests;
				PRODUCT_NAME = "$(TARGET_NAME)";
				SWIFT_EMIT_LOC_STRINGS = NO;
				SWIFT_VERSION = 5.0;
				TARGETED_DEVICE_FAMILY = "1,2";
				TEST_HOST = "$(BUILT_PRODUCTS_DIR)/Denklem.app/$(BUNDLE_EXECUTABLE_FOLDER_PATH)/Denklem";
			};
			name = Debug;
		};
		D558738A2E25A8EA007A45F1 /* Release */ = {
			isa = XCBuildConfiguration;
			buildSettings = {
				BUNDLE_LOADER = "$(TEST_HOST)";
				CODE_SIGN_STYLE = Automatic;
				CURRENT_PROJECT_VERSION = 1;
				DEVELOPMENT_TEAM = NVS5GU2AHJ;
				GENERATE_INFOPLIST_FILE = YES;
				IPHONEOS_DEPLOYMENT_TARGET = 18.5;
				MARKETING_VERSION = 2.0.0;
				PRODUCT_BUNDLE_IDENTIFIER = com.ozco.DenklemTests;
				PRODUCT_NAME = "$(TARGET_NAME)";
				SWIFT_EMIT_LOC_STRINGS = NO;
				SWIFT_VERSION = 5.0;
				TARGETED_DEVICE_FAMILY = "1,2";
				TEST_HOST = "$(BUILT_PRODUCTS_DIR)/Denklem.app/$(BUNDLE_EXECUTABLE_FOLDER_PATH)/Denklem";
			};
			name = Release;
		};
		D558738C2E25A8EA007A45F1 /* Debug */ = {
			isa = XCBuildConfiguration;
			buildSettings = {
				CODE_SIGN_STYLE = Automatic;
				CURRENT_PROJECT_VERSION = 1;
				DEVELOPMENT_TEAM = NVS5GU2AHJ;
				GENERATE_INFOPLIST_FILE = YES;
				MARKETING_VERSION = 2.0.0;
				PRODUCT_BUNDLE_IDENTIFIER = com.ozco.DenklemUITests;
				PRODUCT_NAME = "$(TARGET_NAME)";
				SWIFT_EMIT_LOC_STRINGS = NO;
				SWIFT_VERSION = 5.0;
				TARGETED_DEVICE_FAMILY = "1,2";
				TEST_TARGET_NAME = Denklem;
			};
			name = Debug;
		};
		D558738D2E25A8EA007A45F1 /* Release */ = {
			isa = XCBuildConfiguration;
			buildSettings = {
				CODE_SIGN_STYLE = Automatic;
				CURRENT_PROJECT_VERSION = 1;
				DEVELOPMENT_TEAM = NVS5GU2AHJ;
				GENERATE_INFOPLIST_FILE = YES;
				MARKETING_VERSION = 2.0.0;
				PRODUCT_BUNDLE_IDENTIFIER = com.ozco.DenklemUITests;
				PRODUCT_NAME = "$(TARGET_NAME)";
				SWIFT_EMIT_LOC_STRINGS = NO;
				SWIFT_VERSION = 5.0;
				TARGETED_DEVICE_FAMILY = "1,2";
				TEST_TARGET_NAME = Denklem;
			};
			name = Release;
		};
/* End XCBuildConfiguration section */

/* Begin XCConfigurationList section */
		D558735F2E25A8E8007A45F1 /* Build configuration list for PBXProject "Denklem" */ = {
			isa = XCConfigurationList;
			buildConfigurations = (
				D55873832E25A8EA007A45F1 /* Debug */,
				D55873842E25A8EA007A45F1 /* Release */,
			);
			defaultConfigurationIsVisible = 0;
			defaultConfigurationName = Release;
		};
		D55873852E25A8EA007A45F1 /* Build configuration list for PBXNativeTarget "Denklem" */ = {
			isa = XCConfigurationList;
			buildConfigurations = (
				D55873862E25A8EA007A45F1 /* Debug */,
				D55873872E25A8EA007A45F1 /* Release */,
			);
			defaultConfigurationIsVisible = 0;
			defaultConfigurationName = Release;
		};
		D55873882E25A8EA007A45F1 /* Build configuration list for PBXNativeTarget "DenklemTests" */ = {
			isa = XCConfigurationList;
			buildConfigurations = (
				D55873892E25A8EA007A45F1 /* Debug */,
				D558738A2E25A8EA007A45F1 /* Release */,
			);
			defaultConfigurationIsVisible = 0;
			defaultConfigurationName = Release;
		};
		D558738B2E25A8EA007A45F1 /* Build configuration list for PBXNativeTarget "DenklemUITests" */ = {
			isa = XCConfigurationList;
			buildConfigurations = (
				D558738C2E25A8EA007A45F1 /* Debug */,
				D558738D2E25A8EA007A45F1 /* Release */,
			);
			defaultConfigurationIsVisible = 0;
			defaultConfigurationName = Release;
		};
/* End XCConfigurationList section */
	};
	rootObject = D558735C2E25A8E8007A45F1 /* Project object */;
}
